
Microsoft Visual Studio Solution File, Format Version 12.00
# Visual Studio Version 16
VisualStudioVersion = 16.0.28803.202
MinimumVisualStudioVersion = 10.0.40219.1
Project("{FAE04EC0-301F-11D3-BF4B-00C04F79EFBC}") = "WebApi", "WebApi\WebApi.csproj", "{C9030756-CB9B-4AB4-AFC5-FE52099F9CBB}"
EndProject
Global
	GlobalSection(SolutionConfigurationPlatforms) = preSolution
		Debug|Any CPU = Debug|Any CPU
		Release|Any CPU = Release|Any CPU
	EndGlobalSection
	GlobalSection(ProjectConfigurationPlatforms) = postSolution
		{C9030756-CB9B-4AB4-AFC5-FE52099F9CBB}.Debug|Any CPU.ActiveCfg = Debug|Any CPU
		{C9030756-CB9B-4AB4-AFC5-FE52099F9CBB}.Debug|Any CPU.Build.0 = Debug|Any CPU
		{C9030756-CB9B-4AB4-AFC5-FE52099F9CBB}.Release|Any CPU.ActiveCfg = Release|Any CPU
		{C9030756-CB9B-4AB4-AFC5-FE52099F9CBB}.Release|Any CPU.Build.0 = Release|Any CPU
	EndGlobalSection
	GlobalSection(SolutionProperties) = preSolution
		HideSolutionNode = FALSE
	EndGlobalSection
	GlobalSection(ExtensibilityGlobals) = postSolution
		SolutionGuid = {27D91043-7ACB-4DB7-9F53-8CB7C704B425}
	EndGlobalSection
EndGlobal
